<?xml version="1.0" encoding="utf-8"?>
<Project ToolsVersion="4.0" xmlns="http://schemas.microsoft.com/developer/msbuild/2003">
  <ItemGroup>
    <Filter Include="头文件">
      <UniqueIdentifier>{93995380-89BD-4b04-88EB-625FBE52EBFB}</UniqueIdentifier>
      <Extensions>h;hh;hpp;hxx;hm;inl;inc;ipp;xsd</Extensions>
    </Filter>
    <Filter Include="资源文件">
      <UniqueIdentifier>{67DA6AB6-F800-4c08-8B7A-83BB121AAD01}</UniqueIdentifier>
      <Extensions>rc;ico;cur;bmp;dlg;rc2;rct;bin;rgs;gif;jpg;jpeg;jpe;resx;tiff;tif;png;wav;mfcribbon-ms</Extensions>
    </Filter>
    <Filter Include="头文件\main">
      <UniqueIdentifier>{7dc16f85-2624-4718-bf9c-dc2934ac629d}</UniqueIdentifier>
    </Filter>
    <Filter Include="头文件\container">
      <UniqueIdentifier>{78fa173f-be9d-4968-88b8-3d66bdb14738}</UniqueIdentifier>
    </Filter>
    <Filter Include="源文件">
      <UniqueIdentifier>{4FC737F1-C7A5-4376-A066-2A32D752A2FF}</UniqueIdentifier>
      <Extensions>cpp;c;cc;cxx;def;odl;idl;hpj;bat;asm;asmx</Extensions>
    </Filter>
    <Filter Include="源文件\main">
      <UniqueIdentifier>{7ca82319-1053-4d84-a234-6e3364577b63}</UniqueIdentifier>
    </Filter>
    <Filter Include="源文件\container">
      <UniqueIdentifier>{96772820-d70f-490e-b2b4-a8d17bcffa53}</UniqueIdentifier>
    </Filter>
    <Filter Include="源文件\debug">
      <UniqueIdentifier>{4554375c-e8c5-4b07-b58b-9e7fcbbec68b}</UniqueIdentifier>
    </Filter>
    <Filter Include="头文件\debug">
      <UniqueIdentifier>{5de867b5-a197-407f-b510-b03d777ab402}</UniqueIdentifier>
    </Filter>
    <Filter Include="头文件\allocator">
      <UniqueIdentifier>{c3a4dd55-7f03-49d1-bd22-08c24c842df1}</UniqueIdentifier>
    </Filter>
    <Filter Include="源文件\allocator">
      <UniqueIdentifier>{615cf450-0b68-4f15-85e6-de9f73058835}</UniqueIdentifier>
    </Filter>
  </ItemGroup>
  <ItemGroup>
    <ClCompile Include="Main\main.c">
      <Filter>源文件\main</Filter>
    </ClCompile>
    <ClCompile Include="Main\main_list.c">
      <Filter>源文件\main</Filter>
    </ClCompile>
    <ClCompile Include="Main\main_queue.c">
      <Filter>源文件\main</Filter>
    </ClCompile>
    <ClCompile Include="Main\main_stack.c">
      <Filter>源文件\main</Filter>
    </ClCompile>
    <ClCompile Include="Main\main_vector.c">
      <Filter>源文件\main</Filter>
    </ClCompile>
    <ClCompile Include="Container\queue.c">
      <Filter>源文件\container</Filter>
    </ClCompile>
    <ClCompile Include="Container\stack.c">
      <Filter>源文件\container</Filter>
    </ClCompile>
    <ClCompile Include="Container\vector.c">
      <Filter>源文件\container</Filter>
    </ClCompile>
    <ClCompile Include="Container\forward_list.c">
      <Filter>源文件\container</Filter>
    </ClCompile>
    <ClCompile Include="Main\main_forward_list.c">
      <Filter>源文件\main</Filter>
    </ClCompile>
    <ClCompile Include="Debug Component\debug_stack_back_trace.c">
      <Filter>源文件\debug</Filter>
    </ClCompile>
    <ClCompile Include="Main\main_allocator.c">
      <Filter>源文件\main</Filter>
    </ClCompile>
    <ClCompile Include="Main\main_debug_component.c">
      <Filter>源文件\main</Filter>
    </ClCompile>
    <ClCompile Include="Allocator\allocator_common.c">
      <Filter>源文件\allocator</Filter>
    </ClCompile>
    <ClCompile Include="Container\priority_queue.c">
      <Filter>源文件\container</Filter>
    </ClCompile>
    <ClCompile Include="Container\list.c">
      <Filter>源文件\container</Filter>
    </ClCompile>
    <ClCompile Include="Container\deque.c">
      <Filter>源文件\container</Filter>
    </ClCompile>
    <ClCompile Include="Main\main_deque.c">
      <Filter>源文件\main</Filter>
    </ClCompile>
    <ClCompile Include="Main\main_priority_queue.c">
      <Filter>源文件\main</Filter>
    </ClCompile>
  </ItemGroup>
  <ItemGroup>
    <ClInclude Include="Container\container.h">
      <Filter>头文件\container</Filter>
    </ClInclude>
    <ClInclude Include="Container\container_def.h">
      <Filter>头文件\container</Filter>
    </ClInclude>
    <ClInclude Include="Container\queue.h">
      <Filter>头文件\container</Filter>
    </ClInclude>
    <ClInclude Include="Container\stack.h">
      <Filter>头文件\container</Filter>
    </ClInclude>
    <ClInclude Include="Container\vector.h">
      <Filter>头文件\container</Filter>
    </ClInclude>
    <ClInclude Include="Main\main_cfg.h">
      <Filter>头文件\main</Filter>
    </ClInclude>
    <ClInclude Include="Container\forward_list.h">
      <Filter>头文件\container</Filter>
    </ClInclude>
    <ClInclude Include="Debug Component\debug_stack_back_trace.h">
      <Filter>头文件\debug</Filter>
    </ClInclude>
    <ClInclude Include="Allocator\allocator.h">
      <Filter>头文件\allocator</Filter>
    </ClInclude>
    <ClInclude Include="Allocator\allocator_common.h">
      <Filter>头文件\allocator</Filter>
    </ClInclude>
    <ClInclude Include="Allocator\allocator_def.h">
      <Filter>头文件\allocator</Filter>
    </ClInclude>
    <ClInclude Include="Debug Component\debug_component.h">
      <Filter>头文件\debug</Filter>
    </ClInclude>
    <ClInclude Include="Debug Component\debug_component_def.h">
      <Filter>头文件\debug</Filter>
    </ClInclude>
    <ClInclude Include="Container\priority_queue.h">
      <Filter>头文件\container</Filter>
    </ClInclude>
    <ClInclude Include="Container\list.h">
      <Filter>头文件\container</Filter>
    </ClInclude>
    <ClInclude Include="Container\deque.h">
      <Filter>头文件\container</Filter>
    </ClInclude>
  </ItemGroup>
</Project>