<?xml version="1.0" encoding="utf-8"?>
<Project ToolsVersion="4.0" xmlns="http://schemas.microsoft.com/developer/msbuild/2003">
  <ItemGroup>
    <Filter Include="头文件">
      <UniqueIdentifier>{93995380-89BD-4b04-88EB-625FBE52EBFB}</UniqueIdentifier>
      <Extensions>h;hh;hpp;hxx;hm;inl;inc;ipp;xsd</Extensions>
    </Filter>
    <Filter Include="资源文件">
      <UniqueIdentifier>{67DA6AB6-F800-4c08-8B7A-83BB121AAD01}</UniqueIdentifier>
      <Extensions>rc;ico;cur;bmp;dlg;rc2;rct;bin;rgs;gif;jpg;jpeg;jpe;resx;tiff;tif;png;wav;mfcribbon-ms</Extensions>
    </Filter>
    <Filter Include="头文件\main">
      <UniqueIdentifier>{7dc16f85-2624-4718-bf9c-dc2934ac629d}</UniqueIdentifier>
    </Filter>
    <Filter Include="源文件">
      <UniqueIdentifier>{4FC737F1-C7A5-4376-A066-2A32D752A2FF}</UniqueIdentifier>
      <Extensions>cpp;c;cc;cxx;def;odl;idl;hpj;bat;asm;asmx</Extensions>
    </Filter>
    <Filter Include="源文件\main">
      <UniqueIdentifier>{7ca82319-1053-4d84-a234-6e3364577b63}</UniqueIdentifier>
    </Filter>
    <Filter Include="头文件\allocator">
      <UniqueIdentifier>{c3a4dd55-7f03-49d1-bd22-08c24c842df1}</UniqueIdentifier>
    </Filter>
    <Filter Include="源文件\allocator">
      <UniqueIdentifier>{615cf450-0b68-4f15-85e6-de9f73058835}</UniqueIdentifier>
    </Filter>
    <Filter Include="源文件\iterator">
      <UniqueIdentifier>{9828f6c5-8fb9-4fe7-bf3d-71f9accb8295}</UniqueIdentifier>
    </Filter>
    <Filter Include="头文件\iterator">
      <UniqueIdentifier>{f3d005d9-67c9-4b6d-b845-dbfdebd609f2}</UniqueIdentifier>
    </Filter>
    <Filter Include="头文件\iterator\input iterator">
      <UniqueIdentifier>{690ba4f7-864d-48f8-a1b2-f207ce2e8fcb}</UniqueIdentifier>
    </Filter>
    <Filter Include="头文件\iterator\random access iterator">
      <UniqueIdentifier>{8bd662c8-a658-4c7e-b7ff-a369215afce6}</UniqueIdentifier>
    </Filter>
    <Filter Include="源文件\iterator\input iterator">
      <UniqueIdentifier>{a7f5ef9f-1360-4b67-a10f-62da0ffb8a91}</UniqueIdentifier>
    </Filter>
    <Filter Include="源文件\iterator\random access iterator">
      <UniqueIdentifier>{370faa22-a6de-404e-bb07-0a0759673a22}</UniqueIdentifier>
    </Filter>
    <Filter Include="源文件\iterator\iterator definition">
      <UniqueIdentifier>{4a4f7cb9-e714-483c-8171-affc92238305}</UniqueIdentifier>
    </Filter>
    <Filter Include="头文件\iterator\iterator definition">
      <UniqueIdentifier>{167dfe11-038a-435c-90ad-9042a0a907a9}</UniqueIdentifier>
    </Filter>
    <Filter Include="头文件\debug component">
      <UniqueIdentifier>{5de867b5-a197-407f-b510-b03d777ab402}</UniqueIdentifier>
    </Filter>
    <Filter Include="头文件\debug component\debug stack back trace">
      <UniqueIdentifier>{0fd87972-bd3f-4f78-a521-3cd3a592b043}</UniqueIdentifier>
    </Filter>
    <Filter Include="头文件\debug component\debug assert">
      <UniqueIdentifier>{30f29444-c012-4d77-9c8e-9f92959edfca}</UniqueIdentifier>
    </Filter>
    <Filter Include="头文件\debug component\debug component definition">
      <UniqueIdentifier>{1ae48c28-fb54-4018-8636-863afd951be3}</UniqueIdentifier>
    </Filter>
    <Filter Include="源文件\debug component">
      <UniqueIdentifier>{4554375c-e8c5-4b07-b58b-9e7fcbbec68b}</UniqueIdentifier>
    </Filter>
    <Filter Include="源文件\debug component\debug stack back trace">
      <UniqueIdentifier>{b699c320-f688-4b33-a542-e0fd5832c6b9}</UniqueIdentifier>
    </Filter>
    <Filter Include="源文件\iterator\output iterator">
      <UniqueIdentifier>{abe0e9eb-9053-4d4e-b0c9-fa4fbb3851a4}</UniqueIdentifier>
    </Filter>
    <Filter Include="头文件\iterator\output iterator">
      <UniqueIdentifier>{9953906e-cf9f-4af2-978d-0b07c870beca}</UniqueIdentifier>
    </Filter>
    <Filter Include="头文件\iterator\iterator adaptor definition">
      <UniqueIdentifier>{08bf8482-ff59-4d59-b0d2-7911d6f384e8}</UniqueIdentifier>
    </Filter>
    <Filter Include="源文件\iterator\iterator adaptor  definition">
      <UniqueIdentifier>{b5175d21-6999-4caf-81d7-1dc1374277ee}</UniqueIdentifier>
    </Filter>
    <Filter Include="头文件\debug component\debug error">
      <UniqueIdentifier>{f80daea7-147b-48c9-95d9-bda966287ab5}</UniqueIdentifier>
    </Filter>
    <Filter Include="源文件\debug component\debug error">
      <UniqueIdentifier>{95f35da3-5d80-4c68-b2f5-bc271a39d8dc}</UniqueIdentifier>
    </Filter>
    <Filter Include="头文件\debug component\debug micro">
      <UniqueIdentifier>{b4a3f066-283d-48a2-8890-73d97ffe939e}</UniqueIdentifier>
    </Filter>
    <Filter Include="头文件\debug component\debug error">
      <UniqueIdentifier>{f80daea7-147b-48c9-95d9-bda966287ab5}</UniqueIdentifier>
    </Filter>
    <Filter Include="源文件\debug component\debug error">
      <UniqueIdentifier>{95f35da3-5d80-4c68-b2f5-bc271a39d8dc}</UniqueIdentifier>
    </Filter>
    <Filter Include="头文件\allocator\allocator definition">
      <UniqueIdentifier>{427c6bbe-f77b-4398-9277-6f383de07a19}</UniqueIdentifier>
    </Filter>
    <Filter Include="源文件\allocator\allocator definition">
      <UniqueIdentifier>{f3bd4783-c38b-4dbc-9e13-d2be785f6cc6}</UniqueIdentifier>
    </Filter>
    <Filter Include="头文件\allocator\concept allocator">
      <UniqueIdentifier>{fb72073b-884a-43e6-9aae-66097e4de6c3}</UniqueIdentifier>
    </Filter>
    <Filter Include="源文件\allocator\concept allocator">
      <UniqueIdentifier>{ef21b18d-057c-4e71-8804-5cd8c9095c3d}</UniqueIdentifier>
    </Filter>
    <Filter Include="源文件\debug component\debug assert">
      <UniqueIdentifier>{c31e8b21-7bc9-49af-9332-0ba00a913bc3}</UniqueIdentifier>
    </Filter>
    <Filter Include="头文件\unify structure">
      <UniqueIdentifier>{2b661771-6a86-4718-8eb0-b85bce8a73ad}</UniqueIdentifier>
    </Filter>
    <Filter Include="源文件\unify structure">
      <UniqueIdentifier>{3025ca4e-b486-49e7-89fe-b0e00322c9e8}</UniqueIdentifier>
    </Filter>
    <Filter Include="源文件\unify structure\unify struct">
      <UniqueIdentifier>{37e59659-fa7a-4982-90fa-46516e2ad931}</UniqueIdentifier>
    </Filter>
    <Filter Include="头文件\unify structure\unify struct">
      <UniqueIdentifier>{c31e8b21-7bc9-49af-9332-0ba00a913bc3}</UniqueIdentifier>
    </Filter>
    <Filter Include="源文件\unify structure\unify adaptor">
      <UniqueIdentifier>{c7ab05c8-4297-4621-b5ae-4f80533d0dec}</UniqueIdentifier>
    </Filter>
    <Filter Include="头文件\unify structure\unify adaptor">
      <UniqueIdentifier>{0ac2fd08-f75b-4afe-b6d8-050e4d93ba74}</UniqueIdentifier>
    </Filter>
  </ItemGroup>
  <ItemGroup>
    <ClCompile Include="Main\main.c">
      <Filter>源文件\main</Filter>
    </ClCompile>
    <ClCompile Include="Iterator\Input Iterator\input_iterator.c">
      <Filter>源文件\iterator\input iterator</Filter>
    </ClCompile>
    <ClCompile Include="Iterator\Random Access Iterator\random_access_iterator.c">
      <Filter>源文件\iterator\random access iterator</Filter>
    </ClCompile>
    <ClCompile Include="Iterator\Iterator Definition\iterator_def.c">
      <Filter>源文件\iterator\iterator definition</Filter>
    </ClCompile>
    <ClCompile Include="Debug Component\Debug Stack Back Trace\debug_stack_back_trace.c">
      <Filter>源文件\debug component\debug stack back trace</Filter>
    </ClCompile>
    <ClCompile Include="Iterator\Output Iterator\output_iterator.c">
      <Filter>源文件\iterator\output iterator</Filter>
    </ClCompile>
    <ClCompile Include="Iterator\Iterator Adaptor Definition\iterator_adaptor_def.c">
      <Filter>源文件\iterator\iterator adaptor  definition</Filter>
    </ClCompile>
    <ClCompile Include="Allocator\Concept Allocator\concept_allocator.c">
      <Filter>源文件\allocator\concept allocator</Filter>
    </ClCompile>
    <ClCompile Include="Allocator\Allocator Definition\allocator_def.c">
      <Filter>源文件\allocator\allocator definition</Filter>
    </ClCompile>
    <ClCompile Include="Debug Component\Debug Error\debug_error.c">
      <Filter>源文件\debug component\debug error</Filter>
    </ClCompile>
    <ClCompile Include="Allocator\Allocator Definition\allocator_def.c">
      <Filter>源文件\allocator\allocator definition</Filter>
    </ClCompile>
    <ClCompile Include="Allocator\Concept Allocator\concept_allocator.c">
      <Filter>源文件\allocator\concept allocator</Filter>
    </ClCompile>
    <ClCompile Include="Debug Component\Debug Assert\debug_assert.c">
      <Filter>源文件\debug component\debug assert</Filter>
    </ClCompile>
    <ClCompile Include="Main\main_unify_structure.c">
      <Filter>源文件\main</Filter>
    </ClCompile>
    <ClCompile Include="Unify Structure\Unify Adaptor\unify_adaptor.c">
      <Filter>源文件\unify structure\unify adaptor</Filter>
    </ClCompile>
    <ClCompile Include="Unify Structure\Unify Struct\unify_struct.c">
      <Filter>源文件\unify structure\unify struct</Filter>
    </ClCompile>
    <ClCompile Include="Main\main_iterator.c">
      <Filter>源文件\main</Filter>
    </ClCompile>
  </ItemGroup>
  <ItemGroup>
    <ClInclude Include="Main\main_cfg.h">
      <Filter>头文件\main</Filter>
    </ClInclude>
    <ClInclude Include="Allocator\allocator.h">
      <Filter>头文件\allocator</Filter>
    </ClInclude>
    <ClInclude Include="Debug Component\debug_component.h">
      <Filter>头文件\debug component</Filter>
    </ClInclude>
    <ClInclude Include="Iterator\iterator.h">
      <Filter>头文件\iterator</Filter>
    </ClInclude>
    <ClInclude Include="Iterator\Input Iterator\input_iterator.h">
      <Filter>头文件\iterator\input iterator</Filter>
    </ClInclude>
    <ClInclude Include="Iterator\Random Access Iterator\random_access_iterator.h">
      <Filter>头文件\iterator\random access iterator</Filter>
    </ClInclude>
    <ClInclude Include="Iterator\Iterator Definition\iterator_def.h">
      <Filter>头文件\iterator\iterator definition</Filter>
    </ClInclude>
    <ClInclude Include="Iterator\Iterator Definition\iterator_pte_def.h">
      <Filter>头文件\iterator\iterator definition</Filter>
    </ClInclude>
    <ClInclude Include="Debug Component\Debug Stack Back Trace\debug_stack_back_trace.h">
      <Filter>头文件\debug component\debug stack back trace</Filter>
    </ClInclude>
    <ClInclude Include="Debug Component\Debug Assert\debug_assert.h">
      <Filter>头文件\debug component\debug assert</Filter>
    </ClInclude>
    <ClInclude Include="Debug Component\Debug Component Definition\debug_component_def.h">
      <Filter>头文件\debug component\debug component definition</Filter>
    </ClInclude>
    <ClInclude Include="Iterator\Output Iterator\output_iterator.h">
      <Filter>头文件\iterator\output iterator</Filter>
    </ClInclude>
    <ClInclude Include="Iterator\Iterator Adaptor Definition\iterator_adaptor_def.h">
      <Filter>头文件\iterator\iterator adaptor definition</Filter>
    </ClInclude>
    <ClInclude Include="Iterator\Iterator Adaptor Definition\iterator_adaptor_pte_def.h">
      <Filter>头文件\iterator\iterator adaptor definition</Filter>
    </ClInclude>
    <ClInclude Include="Debug Component\Debug Error\debug_error.h">
      <Filter>头文件\debug component\debug error</Filter>
    </ClInclude>
    <ClInclude Include="Debug Component\Debug Micro\debug_micro.h">
      <Filter>头文件\debug component\debug micro</Filter>
    </ClInclude>
    <ClInclude Include="Allocator\Allocator Definition\allocator_cfg.h">
      <Filter>头文件\allocator\allocator definition</Filter>
    </ClInclude>
    <ClInclude Include="Allocator\Allocator Definition\allocator_def.h">
      <Filter>头文件\allocator\allocator definition</Filter>
    </ClInclude>
    <ClInclude Include="Allocator\Allocator Definition\allocator_pte_def.h">
      <Filter>头文件\allocator\allocator definition</Filter>
    </ClInclude>
    <ClInclude Include="Allocator\Concept Allocator\concept_allocator.h">
      <Filter>头文件\allocator\concept allocator</Filter>
    </ClInclude>
    <ClInclude Include="Debug Component\Debug Error\debug_error.h">
      <Filter>头文件\debug component\debug error</Filter>
    </ClInclude>
    <ClInclude Include="Unify Structure\Unify Adaptor\unify_adaptor.h">
      <Filter>头文件\unify structure\unify adaptor</Filter>
    </ClInclude>
    <ClInclude Include="Unify Structure\Unify Struct\unify_struct.h">
      <Filter>头文件\unify structure\unify struct</Filter>
    </ClInclude>
    <ClInclude Include="Unify Structure\unify_structure.h">
      <Filter>头文件\unify structure</Filter>
    </ClInclude>
  </ItemGroup>
</Project>