<?xml version="1.0" encoding="utf-8"?>
<Project ToolsVersion="4.0" xmlns="http://schemas.microsoft.com/developer/msbuild/2003">
  <ItemGroup>
    <Filter Include="头文件">
      <UniqueIdentifier>{93995380-89BD-4b04-88EB-625FBE52EBFB}</UniqueIdentifier>
      <Extensions>h;hh;hpp;hxx;hm;inl;inc;ipp;xsd</Extensions>
    </Filter>
    <Filter Include="资源文件">
      <UniqueIdentifier>{67DA6AB6-F800-4c08-8B7A-83BB121AAD01}</UniqueIdentifier>
      <Extensions>rc;ico;cur;bmp;dlg;rc2;rct;bin;rgs;gif;jpg;jpeg;jpe;resx;tiff;tif;png;wav;mfcribbon-ms</Extensions>
    </Filter>
    <Filter Include="头文件\main">
      <UniqueIdentifier>{7dc16f85-2624-4718-bf9c-dc2934ac629d}</UniqueIdentifier>
    </Filter>
    <Filter Include="头文件\container">
      <UniqueIdentifier>{78fa173f-be9d-4968-88b8-3d66bdb14738}</UniqueIdentifier>
    </Filter>
    <Filter Include="源文件">
      <UniqueIdentifier>{4FC737F1-C7A5-4376-A066-2A32D752A2FF}</UniqueIdentifier>
      <Extensions>cpp;c;cc;cxx;def;odl;idl;hpj;bat;asm;asmx</Extensions>
    </Filter>
    <Filter Include="源文件\main">
      <UniqueIdentifier>{7ca82319-1053-4d84-a234-6e3364577b63}</UniqueIdentifier>
    </Filter>
    <Filter Include="源文件\container">
      <UniqueIdentifier>{96772820-d70f-490e-b2b4-a8d17bcffa53}</UniqueIdentifier>
    </Filter>
    <Filter Include="源文件\debug">
      <UniqueIdentifier>{4554375c-e8c5-4b07-b58b-9e7fcbbec68b}</UniqueIdentifier>
    </Filter>
    <Filter Include="头文件\debug">
      <UniqueIdentifier>{5de867b5-a197-407f-b510-b03d777ab402}</UniqueIdentifier>
    </Filter>
    <Filter Include="头文件\allocator">
      <UniqueIdentifier>{c3a4dd55-7f03-49d1-bd22-08c24c842df1}</UniqueIdentifier>
    </Filter>
    <Filter Include="源文件\allocator">
      <UniqueIdentifier>{615cf450-0b68-4f15-85e6-de9f73058835}</UniqueIdentifier>
    </Filter>
    <Filter Include="头文件\algorithm">
      <UniqueIdentifier>{111dc3e3-4e0a-4b3e-854b-52b52635a9ac}</UniqueIdentifier>
    </Filter>
    <Filter Include="源文件\algorithm">
      <UniqueIdentifier>{e29e2ad9-85f3-4839-9946-79bf08e96db5}</UniqueIdentifier>
    </Filter>
    <Filter Include="头文件\container\associative containers">
      <UniqueIdentifier>{8af3ad61-da9a-47af-9ccd-59b2dd53deb2}</UniqueIdentifier>
    </Filter>
    <Filter Include="头文件\container\container adaptors">
      <UniqueIdentifier>{b136b759-6be1-4d7f-bfb3-07f5913d4e05}</UniqueIdentifier>
    </Filter>
    <Filter Include="头文件\container\tree">
      <UniqueIdentifier>{69ad0780-74b9-411b-9591-17cbd909c6fb}</UniqueIdentifier>
    </Filter>
    <Filter Include="源文件\container\associative containers">
      <UniqueIdentifier>{9e32c8c5-b88a-4e1e-afc7-f119ab57d3c0}</UniqueIdentifier>
    </Filter>
    <Filter Include="源文件\container\container adaptors">
      <UniqueIdentifier>{ba12c24c-8ed4-4f4d-b175-572e061cf6e5}</UniqueIdentifier>
    </Filter>
    <Filter Include="源文件\container\tree">
      <UniqueIdentifier>{d3e54075-9ee9-4d0a-b551-e2ddf89822f8}</UniqueIdentifier>
    </Filter>
    <Filter Include="源文件\container\sequence containers">
      <UniqueIdentifier>{510e7014-adf2-4d2e-a0e9-4f169b68ab4d}</UniqueIdentifier>
    </Filter>
    <Filter Include="头文件\container\sequence containers">
      <UniqueIdentifier>{45e70572-9bbb-4fb0-a3d4-77701b42f542}</UniqueIdentifier>
    </Filter>
    <Filter Include="源文件\iterator">
      <UniqueIdentifier>{9828f6c5-8fb9-4fe7-bf3d-71f9accb8295}</UniqueIdentifier>
    </Filter>
    <Filter Include="头文件\iterator">
      <UniqueIdentifier>{f3d005d9-67c9-4b6d-b845-dbfdebd609f2}</UniqueIdentifier>
    </Filter>
    <Filter Include="头文件\iterator\input iterator">
      <UniqueIdentifier>{690ba4f7-864d-48f8-a1b2-f207ce2e8fcb}</UniqueIdentifier>
    </Filter>
    <Filter Include="头文件\iterator\random access iterator">
      <UniqueIdentifier>{8bd662c8-a658-4c7e-b7ff-a369215afce6}</UniqueIdentifier>
    </Filter>
    <Filter Include="源文件\iterator\input iterator">
      <UniqueIdentifier>{a7f5ef9f-1360-4b67-a10f-62da0ffb8a91}</UniqueIdentifier>
    </Filter>
    <Filter Include="源文件\iterator\random access iterator">
      <UniqueIdentifier>{370faa22-a6de-404e-bb07-0a0759673a22}</UniqueIdentifier>
    </Filter>
    <Filter Include="源文件\iterator\iterator definition">
      <UniqueIdentifier>{4a4f7cb9-e714-483c-8171-affc92238305}</UniqueIdentifier>
    </Filter>
    <Filter Include="头文件\iterator\iterator definition">
      <UniqueIdentifier>{167dfe11-038a-435c-90ad-9042a0a907a9}</UniqueIdentifier>
    </Filter>
  </ItemGroup>
  <ItemGroup>
    <ClCompile Include="Main\main.c">
      <Filter>源文件\main</Filter>
    </ClCompile>
    <ClCompile Include="Main\main_list.c">
      <Filter>源文件\main</Filter>
    </ClCompile>
    <ClCompile Include="Main\main_queue.c">
      <Filter>源文件\main</Filter>
    </ClCompile>
    <ClCompile Include="Main\main_stack.c">
      <Filter>源文件\main</Filter>
    </ClCompile>
    <ClCompile Include="Main\main_vector.c">
      <Filter>源文件\main</Filter>
    </ClCompile>
    <ClCompile Include="Main\main_forward_list.c">
      <Filter>源文件\main</Filter>
    </ClCompile>
    <ClCompile Include="Debug Component\debug_stack_back_trace.c">
      <Filter>源文件\debug</Filter>
    </ClCompile>
    <ClCompile Include="Main\main_allocator.c">
      <Filter>源文件\main</Filter>
    </ClCompile>
    <ClCompile Include="Main\main_debug_component.c">
      <Filter>源文件\main</Filter>
    </ClCompile>
    <ClCompile Include="Allocator\allocator_common.c">
      <Filter>源文件\allocator</Filter>
    </ClCompile>
    <ClCompile Include="Main\main_deque.c">
      <Filter>源文件\main</Filter>
    </ClCompile>
    <ClCompile Include="Main\main_priority_queue.c">
      <Filter>源文件\main</Filter>
    </ClCompile>
    <ClCompile Include="Algorithm\sort.c">
      <Filter>源文件\algorithm</Filter>
    </ClCompile>
    <ClCompile Include="Main\main_array.c">
      <Filter>源文件\main</Filter>
    </ClCompile>
    <ClCompile Include="Algorithm\compare.c">
      <Filter>源文件\algorithm</Filter>
    </ClCompile>
    <ClCompile Include="Main\main_red_black_tree.c">
      <Filter>源文件\main</Filter>
    </ClCompile>
    <ClCompile Include="Main\main_b_tree.c">
      <Filter>源文件\main</Filter>
    </ClCompile>
    <ClCompile Include="Main\main_binary_search_tree.c">
      <Filter>源文件\main</Filter>
    </ClCompile>
    <ClCompile Include="Main\main_generic_type.c">
      <Filter>源文件\main</Filter>
    </ClCompile>
    <ClCompile Include="Container\container_def.c">
      <Filter>源文件\container</Filter>
    </ClCompile>
    <ClCompile Include="Container\Tree\avl_tree.c">
      <Filter>源文件\container\tree</Filter>
    </ClCompile>
    <ClCompile Include="Container\Tree\b_tree.c">
      <Filter>源文件\container\tree</Filter>
    </ClCompile>
    <ClCompile Include="Container\Tree\binary_search_tree.c">
      <Filter>源文件\container\tree</Filter>
    </ClCompile>
    <ClCompile Include="Container\Tree\red_black_tree.c">
      <Filter>源文件\container\tree</Filter>
    </ClCompile>
    <ClCompile Include="Container\Tree\tree_family.c">
      <Filter>源文件\container\tree</Filter>
    </ClCompile>
    <ClCompile Include="Container\Container adaptors\container_adaptor_def.c">
      <Filter>源文件\container\container adaptors</Filter>
    </ClCompile>
    <ClCompile Include="Container\Container adaptors\priority_queue.c">
      <Filter>源文件\container\container adaptors</Filter>
    </ClCompile>
    <ClCompile Include="Container\Container adaptors\queue.c">
      <Filter>源文件\container\container adaptors</Filter>
    </ClCompile>
    <ClCompile Include="Container\Container adaptors\stack.c">
      <Filter>源文件\container\container adaptors</Filter>
    </ClCompile>
    <ClCompile Include="Container\Squence container\array.c">
      <Filter>源文件\container\sequence containers</Filter>
    </ClCompile>
    <ClCompile Include="Container\Squence container\array_family.c">
      <Filter>源文件\container\sequence containers</Filter>
    </ClCompile>
    <ClCompile Include="Container\Squence container\deque.c">
      <Filter>源文件\container\sequence containers</Filter>
    </ClCompile>
    <ClCompile Include="Container\Squence container\forward_list.c">
      <Filter>源文件\container\sequence containers</Filter>
    </ClCompile>
    <ClCompile Include="Container\Squence container\list.c">
      <Filter>源文件\container\sequence containers</Filter>
    </ClCompile>
    <ClCompile Include="Container\Squence container\list_family.c">
      <Filter>源文件\container\sequence containers</Filter>
    </ClCompile>
    <ClCompile Include="Container\Squence container\vector.c">
      <Filter>源文件\container\sequence containers</Filter>
    </ClCompile>
    <ClCompile Include="Main\main_algorithm.c">
      <Filter>源文件\main</Filter>
    </ClCompile>
    <ClCompile Include="Algorithm\search_substring.c">
      <Filter>源文件\algorithm</Filter>
    </ClCompile>
    <ClCompile Include="Algorithm\modify_sequence.c">
      <Filter>源文件\algorithm</Filter>
    </ClCompile>
    <ClCompile Include="Main\main_iterator.c">
      <Filter>源文件\main</Filter>
    </ClCompile>
    <ClCompile Include="Iterator\Input Iterator\input_iterator.c">
      <Filter>源文件\iterator\input iterator</Filter>
    </ClCompile>
    <ClCompile Include="Iterator\Random Access Iterator\random_access_iterator.c">
      <Filter>源文件\iterator\random access iterator</Filter>
    </ClCompile>
    <ClCompile Include="Iterator\Iterator Definition\iterator_def.c">
      <Filter>源文件\iterator\iterator definition</Filter>
    </ClCompile>
  </ItemGroup>
  <ItemGroup>
    <ClInclude Include="Container\container.h">
      <Filter>头文件\container</Filter>
    </ClInclude>
    <ClInclude Include="Container\container_def.h">
      <Filter>头文件\container</Filter>
    </ClInclude>
    <ClInclude Include="Main\main_cfg.h">
      <Filter>头文件\main</Filter>
    </ClInclude>
    <ClInclude Include="Debug Component\debug_stack_back_trace.h">
      <Filter>头文件\debug</Filter>
    </ClInclude>
    <ClInclude Include="Allocator\allocator.h">
      <Filter>头文件\allocator</Filter>
    </ClInclude>
    <ClInclude Include="Allocator\allocator_common.h">
      <Filter>头文件\allocator</Filter>
    </ClInclude>
    <ClInclude Include="Allocator\allocator_def.h">
      <Filter>头文件\allocator</Filter>
    </ClInclude>
    <ClInclude Include="Debug Component\debug_component.h">
      <Filter>头文件\debug</Filter>
    </ClInclude>
    <ClInclude Include="Debug Component\debug_component_def.h">
      <Filter>头文件\debug</Filter>
    </ClInclude>
    <ClInclude Include="Algorithm\algorithm.h">
      <Filter>头文件\algorithm</Filter>
    </ClInclude>
    <ClInclude Include="Algorithm\algorithm_def.h">
      <Filter>头文件\algorithm</Filter>
    </ClInclude>
    <ClInclude Include="Algorithm\sort.h">
      <Filter>头文件\algorithm</Filter>
    </ClInclude>
    <ClInclude Include="Algorithm\compare.h">
      <Filter>头文件\algorithm</Filter>
    </ClInclude>
    <ClInclude Include="Container\container_cfg.h">
      <Filter>头文件\container</Filter>
    </ClInclude>
    <ClInclude Include="Allocator\allocator_cfg.h">
      <Filter>头文件\allocator</Filter>
    </ClInclude>
    <ClInclude Include="Container\container_pte_def.h">
      <Filter>头文件\container</Filter>
    </ClInclude>
    <ClInclude Include="Container\Container adaptors\container_adaptor_def.h">
      <Filter>头文件\container\container adaptors</Filter>
    </ClInclude>
    <ClInclude Include="Container\Container adaptors\container_adatpor_pte_def.h">
      <Filter>头文件\container\container adaptors</Filter>
    </ClInclude>
    <ClInclude Include="Container\Container adaptors\priority_queue.h">
      <Filter>头文件\container\container adaptors</Filter>
    </ClInclude>
    <ClInclude Include="Container\Container adaptors\queue.h">
      <Filter>头文件\container\container adaptors</Filter>
    </ClInclude>
    <ClInclude Include="Container\Container adaptors\stack.h">
      <Filter>头文件\container\container adaptors</Filter>
    </ClInclude>
    <ClInclude Include="Container\Squence container\array.h">
      <Filter>头文件\container\sequence containers</Filter>
    </ClInclude>
    <ClInclude Include="Container\Squence container\array_family.h">
      <Filter>头文件\container\sequence containers</Filter>
    </ClInclude>
    <ClInclude Include="Container\Squence container\deque.h">
      <Filter>头文件\container\sequence containers</Filter>
    </ClInclude>
    <ClInclude Include="Container\Squence container\forward_list.h">
      <Filter>头文件\container\sequence containers</Filter>
    </ClInclude>
    <ClInclude Include="Container\Squence container\list.h">
      <Filter>头文件\container\sequence containers</Filter>
    </ClInclude>
    <ClInclude Include="Container\Squence container\list_family.h">
      <Filter>头文件\container\sequence containers</Filter>
    </ClInclude>
    <ClInclude Include="Container\Squence container\vector.h">
      <Filter>头文件\container\sequence containers</Filter>
    </ClInclude>
    <ClInclude Include="Container\Tree\avl_tree.h">
      <Filter>头文件\container\tree</Filter>
    </ClInclude>
    <ClInclude Include="Container\Tree\b_tree.h">
      <Filter>头文件\container\tree</Filter>
    </ClInclude>
    <ClInclude Include="Container\Tree\binary_search_tree.h">
      <Filter>头文件\container\tree</Filter>
    </ClInclude>
    <ClInclude Include="Container\Tree\red_black_tree.h">
      <Filter>头文件\container\tree</Filter>
    </ClInclude>
    <ClInclude Include="Container\Tree\tree_family.h">
      <Filter>头文件\container\tree</Filter>
    </ClInclude>
    <ClInclude Include="Algorithm\search_substring.h">
      <Filter>头文件\algorithm</Filter>
    </ClInclude>
    <ClInclude Include="Algorithm\modify_sequence.h">
      <Filter>头文件\algorithm</Filter>
    </ClInclude>
    <ClInclude Include="Iterator\iterator.h">
      <Filter>头文件\iterator</Filter>
    </ClInclude>
    <ClInclude Include="Iterator\Input Iterator\input_iterator.h">
      <Filter>头文件\iterator\input iterator</Filter>
    </ClInclude>
    <ClInclude Include="Iterator\Random Access Iterator\random_access_iterator.h">
      <Filter>头文件\iterator\random access iterator</Filter>
    </ClInclude>
    <ClInclude Include="Iterator\Iterator Definition\iterator_def.h">
      <Filter>头文件\iterator\iterator definition</Filter>
    </ClInclude>
    <ClInclude Include="Iterator\Iterator Definition\iterator_pte_def.h">
      <Filter>头文件\iterator\iterator definition</Filter>
    </ClInclude>
  </ItemGroup>
</Project>