<?xml version="1.0" encoding="utf-8"?>
<Project ToolsVersion="4.0" xmlns="http://schemas.microsoft.com/developer/msbuild/2003">
  <ItemGroup>
    <Filter Include="源文件">
      <UniqueIdentifier>{4FC737F1-C7A5-4376-A066-2A32D752A2FF}</UniqueIdentifier>
      <Extensions>cpp;c;cc;cxx;c++;def;odl;idl;hpj;bat;asm;asmx</Extensions>
    </Filter>
    <Filter Include="头文件">
      <UniqueIdentifier>{93995380-89BD-4b04-88EB-625FBE52EBFB}</UniqueIdentifier>
      <Extensions>h;hh;hpp;hxx;h++;hm;inl;inc;ipp;xsd</Extensions>
    </Filter>
    <Filter Include="资源文件">
      <UniqueIdentifier>{67DA6AB6-F800-4c08-8B7A-83BB121AAD01}</UniqueIdentifier>
      <Extensions>rc;ico;cur;bmp;dlg;rc2;rct;bin;rgs;gif;jpg;jpeg;jpe;resx;tiff;tif;png;wav;mfcribbon-ms</Extensions>
    </Filter>
    <Filter Include="头文件\assert">
      <UniqueIdentifier>{e876929d-eeef-452f-91a9-5dfa892500a0}</UniqueIdentifier>
    </Filter>
    <Filter Include="头文件\micro">
      <UniqueIdentifier>{175cc78c-0c1f-4a71-b3f5-b19130fc5528}</UniqueIdentifier>
    </Filter>
    <Filter Include="源文件\assert">
      <UniqueIdentifier>{02e35cad-7514-40a4-a974-bd430212f18a}</UniqueIdentifier>
    </Filter>
    <Filter Include="头文件\error">
      <UniqueIdentifier>{b25e71c6-939b-4969-9583-b95e3e7d17d9}</UniqueIdentifier>
    </Filter>
    <Filter Include="源文件\error">
      <UniqueIdentifier>{6f40abd3-58a9-4ddb-b593-db9e92e11d74}</UniqueIdentifier>
    </Filter>
    <Filter Include="源文件\demo">
      <UniqueIdentifier>{262d91b2-4103-4ee8-995d-82b9daae3211}</UniqueIdentifier>
    </Filter>
    <Filter Include="头文件\demo">
      <UniqueIdentifier>{9e954496-79af-4b05-8e87-ae01db07bc3b}</UniqueIdentifier>
    </Filter>
    <Filter Include="头文件\log">
      <UniqueIdentifier>{7875e28a-a2bf-4007-b681-93f202f96273}</UniqueIdentifier>
    </Filter>
    <Filter Include="头文件\platform">
      <UniqueIdentifier>{50b20ce0-8771-4f07-8340-7950f058b9d2}</UniqueIdentifier>
    </Filter>
    <Filter Include="头文件\debug component">
      <UniqueIdentifier>{db18d1d4-e455-49cc-b193-b2eb7903d06f}</UniqueIdentifier>
    </Filter>
    <Filter Include="源文件\debug component">
      <UniqueIdentifier>{9d3d1e69-eb48-45cf-a8e1-926b0302aa3c}</UniqueIdentifier>
    </Filter>
    <Filter Include="头文件\debug component\stack back trace">
      <UniqueIdentifier>{5720bf4d-0225-4de8-b4f5-64ea8140f4d1}</UniqueIdentifier>
    </Filter>
    <Filter Include="源文件\debug component\stack back trace">
      <UniqueIdentifier>{8e20f816-8a7c-4e16-8f68-ee505fd77962}</UniqueIdentifier>
    </Filter>
    <Filter Include="头文件\debug component\definition">
      <UniqueIdentifier>{80f10698-7bd5-4a62-86a0-230a54594301}</UniqueIdentifier>
    </Filter>
    <Filter Include="头文件\debug component\stack back trace\platform">
      <UniqueIdentifier>{0b4982be-4432-4cbf-a596-5225a148e12b}</UniqueIdentifier>
    </Filter>
    <Filter Include="头文件\debug component\stack back trace\platform\windows">
      <UniqueIdentifier>{eea55ac8-2b24-4bea-974c-b92954beb0c0}</UniqueIdentifier>
    </Filter>
    <Filter Include="头文件\debug component\stack back trace\definition">
      <UniqueIdentifier>{dbdc96f9-1a48-40c5-a254-4a0eced45c9f}</UniqueIdentifier>
    </Filter>
    <Filter Include="源文件\debug component\stack back trace\platform">
      <UniqueIdentifier>{8e32e9c2-ae42-4add-9e04-d1f96790d997}</UniqueIdentifier>
    </Filter>
    <Filter Include="源文件\debug component\stack back trace\platform\windows">
      <UniqueIdentifier>{f6f916a2-3002-41b4-848a-375791f74a76}</UniqueIdentifier>
    </Filter>
  </ItemGroup>
  <ItemGroup>
    <ClInclude Include="..\..\.demo\self-define library\demo_sde_lib.h">
      <Filter>头文件\demo</Filter>
    </ClInclude>
    <ClInclude Include="..\..\Self-Define Library\sde_lib.h">
      <Filter>头文件</Filter>
    </ClInclude>
    <ClInclude Include="..\..\Self-Define Library\Assert\sde_assert.h">
      <Filter>头文件\assert</Filter>
    </ClInclude>
    <ClInclude Include="..\..\Self-Define Library\Error\sde_error.h">
      <Filter>头文件\error</Filter>
    </ClInclude>
    <ClInclude Include="..\..\Self-Define Library\Micro\sde_micro.h">
      <Filter>头文件\micro</Filter>
    </ClInclude>
    <ClInclude Include="..\..\Self-Define Library\Log\sde_log.h">
      <Filter>头文件\log</Filter>
    </ClInclude>
    <ClInclude Include="..\..\Self-Define Library\Platform\sde_platform.h">
      <Filter>头文件\platform</Filter>
    </ClInclude>
    <ClInclude Include="..\..\Self-Define Library\Debug Component\Debug Component Definition\debug_component_def.h">
      <Filter>头文件\debug component\definition</Filter>
    </ClInclude>
    <ClInclude Include="..\..\Self-Define Library\Debug Component\Stack Back Trace\stack_back_trace.h">
      <Filter>头文件\debug component\stack back trace</Filter>
    </ClInclude>
    <ClInclude Include="..\..\Self-Define Library\Debug Component\debug_component.h">
      <Filter>头文件\debug component</Filter>
    </ClInclude>
    <ClInclude Include="..\..\Self-Define Library\Debug Component\Stack Back Trace\Stack Back Trace Definition\stack_back_trace_def.h">
      <Filter>头文件\debug component\stack back trace\definition</Filter>
    </ClInclude>
    <ClInclude Include="..\..\Self-Define Library\Debug Component\Stack Back Trace\Stack Back Trace Platform\stack_back_trace_platform.h">
      <Filter>头文件\debug component\stack back trace\platform</Filter>
    </ClInclude>
    <ClInclude Include="..\..\Self-Define Library\Debug Component\Stack Back Trace\Stack Back Trace Platform\Stack Back Trace Windows\stack_back_trace_windows.h">
      <Filter>头文件\debug component\stack back trace\platform\windows</Filter>
    </ClInclude>
    <ClInclude Include="..\..\Self-Define Library\Debug Component\Stack Back Trace\Stack Back Trace Definition\stack_back_trace_pvt_def.h">
      <Filter>头文件\debug component\stack back trace\definition</Filter>
    </ClInclude>
  </ItemGroup>
  <ItemGroup>
    <ClCompile Include="..\..\.demo\self-define library\demo_sde_lib.c">
      <Filter>源文件\demo</Filter>
    </ClCompile>
    <ClCompile Include="..\..\.demo\self-define library\demo_assert.c">
      <Filter>源文件\demo</Filter>
    </ClCompile>
    <ClCompile Include="..\..\.demo\self-define library\demo_error.c">
      <Filter>源文件\demo</Filter>
    </ClCompile>
    <ClCompile Include="..\..\.demo\self-define library\demo_micro.c">
      <Filter>源文件\demo</Filter>
    </ClCompile>
    <ClCompile Include="..\..\Self-Define Library\Assert\sde_assert.c">
      <Filter>源文件\assert</Filter>
    </ClCompile>
    <ClCompile Include="..\..\Self-Define Library\Error\sde_error.c">
      <Filter>源文件\error</Filter>
    </ClCompile>
    <ClCompile Include="..\..\.demo\self-define library\demo_log.c">
      <Filter>源文件\demo</Filter>
    </ClCompile>
    <ClCompile Include="..\..\.demo\self-define library\demo_stack_back_trace.c">
      <Filter>源文件\demo</Filter>
    </ClCompile>
    <ClCompile Include="..\..\Self-Define Library\Debug Component\Stack Back Trace\stack_back_trace.c">
      <Filter>源文件\debug component\stack back trace</Filter>
    </ClCompile>
    <ClCompile Include="..\..\Self-Define Library\Debug Component\Stack Back Trace\Stack Back Trace Platform\Stack Back Trace Windows\stack_back_trace_windows.c">
      <Filter>源文件\debug component\stack back trace\platform\windows</Filter>
    </ClCompile>
  </ItemGroup>
</Project>